
Microsoft Visual Studio Solution File, Format Version 12.00
# Visual Studio Version 16
VisualStudioVersion = 16.0.31019.35
MinimumVisualStudioVersion = 10.0.40219.1
Project("{FAE04EC0-301F-11D3-BF4B-00C04F79EFBC}") = "Agenda", "Agenda\Agenda.csproj", "{D38EC48F-426B-4F47-8140-6A4D9EE09752}"
EndProject
Global
	GlobalSection(SolutionConfigurationPlatforms) = preSolution
		Debug|Any CPU = Debug|Any CPU
		Release|Any CPU = Release|Any CPU
	EndGlobalSection
	GlobalSection(ProjectConfigurationPlatforms) = postSolution
		{D38EC48F-426B-4F47-8140-6A4D9EE09752}.Debug|Any CPU.ActiveCfg = Debug|Any CPU
		{D38EC48F-426B-4F47-8140-6A4D9EE09752}.Debug|Any CPU.Build.0 = Debug|Any CPU
		{D38EC48F-426B-4F47-8140-6A4D9EE09752}.Release|Any CPU.ActiveCfg = Release|Any CPU
		{D38EC48F-426B-4F47-8140-6A4D9EE09752}.Release|Any CPU.Build.0 = Release|Any CPU
	EndGlobalSection
	GlobalSection(SolutionProperties) = preSolution
		HideSolutionNode = FALSE
	EndGlobalSection
	GlobalSection(ExtensibilityGlobals) = postSolution
		SolutionGuid = {D64E48A9-0BF9-4FCA-ACED-07E2297D3685}
	EndGlobalSection
EndGlobal
